PODS:
  - Cuckoo (1.4.1):
    - Cuckoo/Swift (= 1.4.1)
  - Cuckoo/Swift (1.4.1)
  - Nimble (8.0.4)
  - PromiseKit (6.13.1):
    - PromiseKit/CorePromise (= 6.13.1)
    - PromiseKit/Foundation (= 6.13.1)
    - PromiseKit/UIKit (= 6.13.1)
  - PromiseKit/CorePromise (6.13.1)
  - PromiseKit/Foundation (6.13.1):
    - PromiseKit/CorePromise
  - PromiseKit/UIKit (6.13.1):
    - PromiseKit/CorePromise
  - Quick (2.2.0)
  - SDWebImage (5.9.2):
    - SDWebImage/Core (= 5.9.2)
  - SDWebImage/Core (5.9.2)

DEPENDENCIES:
  - Cuckoo
  - Nimble
  - PromiseKit
  - Quick
  - SDWebImage

SPEC REPOS:
  trunk:
    - Cuckoo
    - Nimble
    - PromiseKit
    - Quick
    - SDWebImage

SPEC CHECKSUMS:
  Cuckoo: 4625f7f54d9bb880123270e8969898d6c1d036b5
  Nimble: 18d5360282923225d62b09d781f63abc1a0111fc
  PromiseKit: 28fda91c973cc377875d8c0ea4f973013c05b6db
  Quick: 7fb19e13be07b5dfb3b90d4f9824c855a11af40e
  SDWebImage: 0b42b8719ab0c5257177d5894306e8a336b21cbb

PODFILE CHECKSUM: 9eb726b4635e623d2f9803dc907a37f8544ae1bf

COCOAPODS: 1.8.4
